<?xml version="1.0" encoding="utf-8"?>
<Project ToolsVersion="4.0" xmlns="http://schemas.microsoft.com/developer/msbuild/2003">
  <ItemGroup>
    <ClCompile Include="char-conversions.cpp" />
    <ClCompile Include="class-internals.cpp" />
    <ClCompile Include="codegen\il2cpp-codegen-common.cpp" />
    <ClCompile Include="..\external\xamarin-android\xamarin_getifaddrs.c" />
    <ClCompile Include="codegen\il2cpp-codegen-il2cpp.cpp" />
    <ClCompile Include="gc\GarbageCollector.cpp" />
    <ClCompile Include="gc\WriteBarrier.cpp" />
    <ClCompile Include="icalls\mscorlib\Mono.Globalization.Unicode\Normalization.cpp" />
    <ClCompile Include="icalls\mscorlib\Mono.Interop\ComInteropProxy.cpp" />
    <ClCompile Include="icalls\mscorlib\Mono.Security.Cryptography\KeyPairPersistence.cpp" />
    <ClCompile Include="icalls\mscorlib\Mono\Runtime.cpp" />
    <ClCompile Include="icalls\mscorlib\Mono\RuntimeClassHandle.cpp" />
    <ClCompile Include="icalls\mscorlib\Mono\RuntimeGPtrArrayHandle.cpp" />
    <ClCompile Include="icalls\mscorlib\Mono\RuntimeMarshal.cpp" />
    <ClCompile Include="icalls\mscorlib\Mono\SafeStringMarshal.cpp" />
    <ClCompile Include="icalls\mscorlib\System.Diagnostics\Assert.cpp" />
    <ClCompile Include="icalls\mscorlib\System.Diagnostics\Debugger.cpp" />
    <ClCompile Include="icalls\mscorlib\System.Diagnostics\StackFrame.cpp" />
    <ClCompile Include="icalls\mscorlib\System.Diagnostics\StackTrace.cpp" />
    <ClCompile Include="icalls\mscorlib\System.Globalization\CalendarData.cpp" />
    <ClCompile Include="icalls\mscorlib\System.Globalization\CompareInfo.cpp" />
    <ClCompile Include="icalls\mscorlib\System.Globalization\CultureData.cpp" />
    <ClCompile Include="icalls\mscorlib\System.Globalization\CultureInfo.cpp" />
    <ClCompile Include="icalls\mscorlib\System.Globalization\RegionInfo.cpp" />
    <ClCompile Include="icalls\mscorlib\System.IO\DriveInfo.cpp" />
    <ClCompile Include="icalls\mscorlib\System.IO\MonoIO.cpp" />
    <ClCompile Include="icalls\mscorlib\System.IO\Path.cpp" />
    <ClCompile Include="icalls\mscorlib\System.Reflection.Emit\AssemblyBuilder.cpp" />
    <ClCompile Include="icalls\mscorlib\System.Reflection.Emit\CustomAttributeBuilder.cpp" />
    <ClCompile Include="icalls\mscorlib\System.Reflection.Emit\DerivedType.cpp" />
    <ClCompile Include="icalls\mscorlib\System.Reflection.Emit\DynamicMethod.cpp" />
    <ClCompile Include="icalls\mscorlib\System.Reflection.Emit\EnumBuilder.cpp" />
    <ClCompile Include="icalls\mscorlib\System.Reflection.Emit\GenericTypeParameterBuilder.cpp" />
    <ClCompile Include="icalls\mscorlib\System.Reflection.Emit\MethodBuilder.cpp" />
    <ClCompile Include="icalls\mscorlib\System.Reflection.Emit\ModuleBuilder.cpp" />
    <ClCompile Include="icalls\mscorlib\System.Reflection.Emit\SignatureHelper.cpp" />
    <ClCompile Include="icalls\mscorlib\System.Reflection.Emit\SymbolType.cpp" />
    <ClCompile Include="icalls\mscorlib\System.Reflection.Emit\TypeBuilder.cpp" />
    <ClCompile Include="icalls\mscorlib\System.Reflection\Assembly.cpp" />
    <ClCompile Include="icalls\mscorlib\System.Reflection\AssemblyName.cpp" />
    <ClCompile Include="icalls\mscorlib\System.Reflection\CustomAttributeData.cpp" />
    <ClCompile Include="icalls\mscorlib\System.Reflection\EventInfo.cpp" />
    <ClCompile Include="icalls\mscorlib\System.Reflection\FieldInfo.cpp" />
    <ClCompile Include="icalls\mscorlib\System.Reflection\MemberInfo.cpp" />
    <ClCompile Include="icalls\mscorlib\System.Reflection\MethodBase.cpp" />
    <ClCompile Include="icalls\mscorlib\System.Reflection\Module.cpp" />
    <ClCompile Include="icalls\mscorlib\System.Reflection\MonoCMethod.cpp" />
    <ClCompile Include="icalls\mscorlib\System.Reflection\MonoEventInfo.cpp" />
    <ClCompile Include="icalls\mscorlib\System.Reflection\MonoField.cpp" />
    <ClCompile Include="icalls\mscorlib\System.Reflection\MonoGenericClass.cpp" />
    <ClCompile Include="icalls\mscorlib\System.Reflection\MonoGenericCMethod.cpp" />
    <ClCompile Include="icalls\mscorlib\System.Reflection\MonoGenericMethod.cpp" />
    <ClCompile Include="icalls\mscorlib\System.Reflection\MonoMethod.cpp" />
    <ClCompile Include="icalls\mscorlib\System.Reflection\MonoMethodInfo.cpp" />
    <ClCompile Include="icalls\mscorlib\System.Reflection\MonoPropertyInfo.cpp" />
    <ClCompile Include="icalls\mscorlib\System.Reflection\ParameterInfo.cpp" />
    <ClCompile Include="icalls\mscorlib\System.Reflection\PropertyInfo.cpp" />
    <ClCompile Include="icalls\mscorlib\System.Reflection\RtFieldInfo.cpp" />
    <ClCompile Include="icalls\mscorlib\System.Runtime.CompilerServices\RuntimeHelpers.cpp" />
    <ClCompile Include="icalls\mscorlib\System.Runtime.InteropServices\GCHandle.cpp" />
    <ClCompile Include="icalls\mscorlib\System.Runtime.InteropServices\Marshal.cpp" />
    <ClCompile Include="icalls\mscorlib\System.Runtime.Remoting.Activation\ActivationServices.cpp" />
    <ClCompile Include="icalls\mscorlib\System.Runtime.Remoting.Contexts\Context.cpp" />
    <ClCompile Include="icalls\mscorlib\System.Runtime.Remoting.Messaging\AsyncResult.cpp" />
    <ClCompile Include="icalls\mscorlib\System.Runtime.Remoting.Messaging\MonoMethodMessage.cpp" />
    <ClCompile Include="icalls\mscorlib\System.Runtime.Remoting.Proxies\RealProxy.cpp" />
    <ClCompile Include="icalls\mscorlib\System.Runtime.Remoting\RemotingServices.cpp" />
    <ClCompile Include="icalls\mscorlib\System.Runtime.Versioning\VersioningHelper.cpp" />
    <ClCompile Include="icalls\mscorlib\System.Security.Cryptography\RNGCryptoServiceProvider.cpp" />
    <ClCompile Include="icalls\mscorlib\System.Security.Policy\Evidence.cpp" />
    <ClCompile Include="icalls\mscorlib\System.Security.Principal\WindowsIdentity.cpp" />
    <ClCompile Include="icalls\mscorlib\System.Security.Principal\WindowsImpersonationContext.cpp" />
    <ClCompile Include="icalls\mscorlib\System.Security.Principal\WindowsPrincipal.cpp" />
    <ClCompile Include="icalls\mscorlib\System.Security\SecurityFrame.cpp" />
    <ClCompile Include="icalls\mscorlib\System.Security\SecurityManager.cpp" />
    <ClCompile Include="icalls\mscorlib\System.Text\Encoding.cpp" />
    <ClCompile Include="icalls\mscorlib\System.Text\EncodingHelper.cpp" />
    <ClCompile Include="icalls\mscorlib\System.Text\Normalization.cpp" />
    <ClCompile Include="icalls\mscorlib\System.Threading\Interlocked.cpp" />
    <ClCompile Include="icalls\mscorlib\System.Threading\InternalThread.cpp" />
    <ClCompile Include="icalls\mscorlib\System.Threading\Monitor.cpp" />
    <ClCompile Include="icalls\mscorlib\System.Threading\Mutex.cpp" />
    <ClCompile Include="icalls\mscorlib\System.Threading\NativeEventCalls.cpp" />
    <ClCompile Include="icalls\mscorlib\System.Threading\OSSpecificSynchronizationContext.cpp" />
    <ClCompile Include="icalls\mscorlib\System.Threading\Thread.cpp" />
    <ClCompile Include="icalls\mscorlib\System.Threading\ThreadPool.cpp" />
    <ClCompile Include="icalls\mscorlib\System.Threading\Timer.cpp" />
    <ClCompile Include="icalls\mscorlib\System.Threading\WaitHandle.cpp" />
    <ClCompile Include="icalls\mscorlib\System\Activator.cpp" />
    <ClCompile Include="icalls\mscorlib\System\AppDomain.cpp" />
    <ClCompile Include="icalls\mscorlib\System\ArgIterator.cpp" />
    <ClCompile Include="icalls\mscorlib\System\Array.cpp" />
    <ClCompile Include="icalls\mscorlib\System\Buffer.cpp" />
    <ClCompile Include="icalls\mscorlib\System\Char.cpp" />
    <ClCompile Include="icalls\mscorlib\System\CLRConfig.cpp" />
    <ClCompile Include="icalls\mscorlib\System\ConsoleDriver.cpp" />
    <ClCompile Include="icalls\mscorlib\System\Convert.cpp" />
    <ClCompile Include="icalls\mscorlib\System\CurrentSystemTimeZone.cpp" />
    <ClCompile Include="icalls\mscorlib\System\DateTime.cpp" />
    <ClCompile Include="icalls\mscorlib\System\Decimal.cpp" />
    <ClCompile Include="icalls\mscorlib\System\Delegate.cpp" />
    <ClCompile Include="icalls\mscorlib\System\Double.cpp" />
    <ClCompile Include="icalls\mscorlib\System\Enum.cpp" />
    <ClCompile Include="icalls\mscorlib\System\Environment.cpp" />
    <ClCompile Include="icalls\mscorlib\System\Exception.cpp" />
    <ClCompile Include="icalls\mscorlib\System\GC.cpp" />
    <ClCompile Include="icalls\mscorlib\System\Math.cpp" />
    <ClCompile Include="icalls\mscorlib\System\MissingMemberException.cpp" />
    <ClCompile Include="icalls\mscorlib\System\MonoCustomAttrs.cpp" />
    <ClCompile Include="icalls\mscorlib\System\MonoEnumInfo.cpp" />
    <ClCompile Include="icalls\mscorlib\System\MonoType.cpp" />
    <ClCompile Include="icalls\mscorlib\System\Number.cpp" />
    <ClCompile Include="icalls\mscorlib\System\NumberFormatter.cpp" />
    <ClCompile Include="icalls\mscorlib\System\Object.cpp" />
    <ClCompile Include="icalls\mscorlib\System\RuntimeFieldHandle.cpp" />
    <ClCompile Include="icalls\mscorlib\System\RuntimeMethodHandle.cpp" />
    <ClCompile Include="icalls\mscorlib\System\RuntimeType.cpp" />
    <ClCompile Include="icalls\mscorlib\System\RuntimeTypeHandle.cpp" />
    <ClCompile Include="icalls\mscorlib\System\String.cpp" />
    <ClCompile Include="icalls\mscorlib\System\TimeSpan.cpp" />
    <ClCompile Include="icalls\mscorlib\System\Type.cpp" />
    <ClCompile Include="icalls\mscorlib\System\TypedReference.cpp" />
    <ClCompile Include="icalls\mscorlib\System\ValueType.cpp" />
    <ClCompile Include="icalls\mscorlib\System\__ComObject.cpp" />
    <ClCompile Include="icalls\System.Configuration\System.Configuration\InternalConfigurationHost.cpp" />
    <ClCompile Include="icalls\System.Core\System.IO.MemoryMappedFiles\MemoryMapImpl.cpp" />
    <ClCompile Include="icalls\System\Microsoft.Win32\NativeMethods.cpp" />
    <ClCompile Include="icalls\System\System.ComponentModel\Win32Exception.cpp" />
    <ClCompile Include="icalls\System\System.Configuration\DefaultConfig.cpp" />
    <ClCompile Include="icalls\System\System.Configuration\InternalConfigurationHost.cpp" />
    <ClCompile Include="icalls\System\System.Diagnostics\DefaultTraceListener.cpp" />
    <ClCompile Include="icalls\System\System.Diagnostics\FileVersionInfo.cpp" />
    <ClCompile Include="icalls\System\System.Diagnostics\PerformanceCounter.cpp" />
    <ClCompile Include="icalls\System\System.Diagnostics\PerformanceCounterCategory.cpp" />
    <ClCompile Include="icalls\System\System.Diagnostics\PerformanceCounterUtils.cpp" />
    <ClCompile Include="icalls\System\System.Diagnostics\Process.cpp" />
    <ClCompile Include="icalls\System\System.Diagnostics\Stopwatch.cpp" />
    <ClCompile Include="icalls\System\System.IO\FAMWatcher.cpp" />
    <ClCompile Include="icalls\System\System.IO\FileSystemWatcher.cpp" />
    <ClCompile Include="icalls\System\System.IO\InotifyWatcher.cpp" />
    <ClCompile Include="icalls\System\System.IO\KqueueMonitor.cpp" />
    <ClCompile Include="icalls\System\System.Net.NetworkInformation\LinuxNetworkInterface.cpp" />
    <ClCompile Include="icalls\System\System.Net.NetworkInformation\MacOsIPInterfaceProperties.cpp" />
    <ClCompile Include="icalls\System\System.Net.Sockets\Socket.cpp" />
    <ClCompile Include="icalls\System\System.Net.Sockets\SocketException.cpp" />
    <ClCompile Include="icalls\System\System.Net\Dns.cpp" />
    <ClCompile Include="icalls\System\System.Threading\Semaphore.cpp" />
    <ClCompile Include="icalls\System\System\IOSelector.cpp" />
    <ClCompile Include="gc\BoehmGC.cpp" />
    <ClCompile Include="gc\GCHandle.cpp" />
    <ClCompile Include="gc\NullGC.cpp" />
    <ClCompile Include="il2cpp-api.cpp" />
    <ClCompile Include="metadata\ArrayMetadata.cpp" />
    <ClCompile Include="metadata\FieldLayout.cpp" />
    <ClCompile Include="metadata\GenericMetadata.cpp" />
    <ClCompile Include="metadata\GenericMethod.cpp" />
    <ClCompile Include="metadata\GenericSharing.cpp" />
    <ClCompile Include="metadata\Il2CppGenericClassCompare.cpp" />
    <ClCompile Include="metadata\Il2CppGenericClassHash.cpp" />
    <ClCompile Include="metadata\Il2CppGenericContextCompare.cpp" />
    <ClCompile Include="metadata\Il2CppGenericContextHash.cpp" />
    <ClCompile Include="metadata\Il2CppGenericInstCompare.cpp" />
    <ClCompile Include="metadata\Il2CppGenericInstHash.cpp" />
    <ClCompile Include="metadata\Il2CppGenericMethodCompare.cpp" />
    <ClCompile Include="metadata\Il2CppGenericMethodHash.cpp" />
    <ClCompile Include="metadata\Il2CppSignatureCompare.cpp" />
    <ClCompile Include="metadata\Il2CppSignatureHash.cpp" />
    <ClCompile Include="metadata\Il2CppTypeCompare.cpp" />
    <ClCompile Include="metadata\Il2CppTypeHash.cpp" />
    <ClCompile Include="mono-runtime\il2cpp-callbacks.cpp" />
    <ClCompile Include="mono-runtime\il2cpp-mono-support.cpp" />
    <ClCompile Include="mono\ThreadPool\threadpool-ms-io-poll.cpp" />
    <ClCompile Include="mono\ThreadPool\threadpool-ms-io.cpp" />
    <ClCompile Include="mono\ThreadPool\threadpool-ms.cpp" />
    <ClCompile Include="mono\ThreadPool\ThreadPoolMonitorThread.cpp" />
    <ClCompile Include="mono\ThreadPool\ThreadPoolWorkerThread.cpp" />
    <ClCompile Include="mono\MonoPosixHelper.cpp" />
    <ClCompile Include="os\Android\StackTrace.cpp" />
    <ClCompile Include="os\c-api\Allocator.cpp" />
    <ClCompile Include="os\c-api\Environment.cpp" />
    <ClCompile Include="os\c-api\Event.cpp" />
    <ClCompile Include="os\c-api\Handle.cpp" />
    <ClCompile Include="os\c-api\Memory.cpp" />
    <ClCompile Include="os\c-api\Mutex.cpp" />
    <ClCompile Include="os\c-api\Semaphore.cpp" />
    <ClCompile Include="os\c-api\Socket.cpp" />
    <ClCompile Include="os\c-api\Thread.cpp" />
    <ClCompile Include="os\c-api\TimeZoneInfo.cpp" />
    <ClCompile Include="os\ConditionVariable.cpp" />
    <ClCompile Include="os\c-api\Error.cpp" />
    <ClCompile Include="os\c-api\File.cpp" />
    <ClCompile Include="os\c-api\LibraryLoader.cpp" />
    <ClCompile Include="os\c-api\Locale.cpp" />
    <ClCompile Include="os\c-api\MemoryMappedFile.cpp" />
    <ClCompile Include="os\c-api\Messages.cpp" />
    <ClCompile Include="os\c-api\NativeMethods.cpp" />
    <ClCompile Include="os\c-api\Path.cpp" />
    <ClCompile Include="os\c-api\Process.cpp" />
    <ClCompile Include="os\c-api\ThreadLocalValue.cpp" />
    <ClCompile Include="os\c-api\Time.cpp" />
    <ClCompile Include="os\c-api\TimeZone.cpp" />
    <ClCompile Include="os\Debug.cpp" />
    <ClCompile Include="os\Emscripten\SocketBridge.cpp" />
    <ClCompile Include="os\Error.cpp" />
    <ClCompile Include="os\Event.cpp" />
    <ClCompile Include="os\Generic\CpuInfo.cpp" />
    <ClCompile Include="os\Generic\Environment.cpp" />
    <ClCompile Include="os\Generic\Initialize.cpp" />
    <ClCompile Include="os\Generic\MarshalStringAlloc.cpp" />
    <ClCompile Include="os\Generic\MemoryMappedFile.cpp" />
    <ClCompile Include="os\Generic\Process.cpp" />
    <ClCompile Include="os\Generic\SocketBridge.cpp" />
    <ClCompile Include="os\Generic\SocketImpl.cpp" />
    <ClCompile Include="os\Generic\TimeZoneInfo.cpp" />
    <ClCompile Include="os\Generic\WindowsRuntime.cpp" />
    <ClCompile Include="os\Handle.cpp" />
    <ClCompile Include="os\Lumin\Process.cpp" />
    <ClCompile Include="os\Lumin\StackTrace.cpp" />
    <ClCompile Include="os\Messages.cpp" />
    <ClCompile Include="os\OSX\Image.cpp" />
    <ClCompile Include="os\OSX\Process.cpp" />
    <ClCompile Include="os\Path.cpp" />
    <ClCompile Include="os\Posix\ConditionVariableImpl.cpp" />
    <ClCompile Include="os\Posix\Console.cpp" />
    <ClCompile Include="os\Posix\CpuInfo.cpp" />
    <ClCompile Include="os\Posix\Cryptography.cpp" />
    <ClCompile Include="os\Posix\Directory.cpp" />
    <ClCompile Include="os\Posix\Environment.cpp" />
    <ClCompile Include="os\Posix\Image.cpp" />
    <ClCompile Include="os\Posix\LastError.cpp" />
    <ClCompile Include="os\Posix\Encoding.cpp" />
    <ClCompile Include="os\Posix\LibraryLoader.cpp" />
    <ClCompile Include="os\Posix\MarshalAlloc.cpp" />
    <ClCompile Include="os\Posix\Memory.cpp" />
    <ClCompile Include="os\Posix\MemoryMappedFile.cpp" />
    <ClCompile Include="os\Posix\NativeMethods.cpp" />
    <ClCompile Include="os\Posix\Path.cpp" />
    <ClCompile Include="os\Posix\PosixWaitObject.cpp" />
    <ClCompile Include="os\Posix\Process.cpp" />
    <ClCompile Include="os\Posix\SocketImpl.cpp" />
    <ClCompile Include="os\Socket.cpp" />
    <ClCompile Include="os\Unity\AtomicQueue.cpp" />
    <ClCompile Include="os\Win32\COM.cpp" />
    <ClCompile Include="os\Win32\ConditionVariableImpl.cpp" />
    <ClCompile Include="os\Win32\Console.cpp" />
    <ClCompile Include="os\Win32\CpuInfo.cpp" />
    <ClCompile Include="os\Win32\Debug.cpp" />
    <ClCompile Include="os\Win32\Directory.cpp" />
    <ClCompile Include="os\Posix\File.cpp" />
    <ClCompile Include="os\Posix\Time.cpp" />
    <ClCompile Include="os\Posix\TimeZone.cpp" />
    <ClCompile Include="os\Win32\Cryptography.cpp" />
    <ClCompile Include="os\Win32\DllMain.cpp" />
    <ClCompile Include="os\Win32\Environment.cpp" />
    <ClCompile Include="os\Win32\Encoding.cpp" />
    <ClCompile Include="os\Win32\File.cpp" />
    <ClCompile Include="os\Posix\Locale.cpp" />
    <ClCompile Include="os\Win32\Image.cpp" />
    <ClCompile Include="os\Win32\Initialize.cpp" />
    <ClCompile Include="os\Win32\LastError.cpp" />
    <ClCompile Include="os\Win32\LibraryLoader.cpp" />
    <ClCompile Include="os\Win32\Locale.cpp" />
    <ClCompile Include="os\Mutex.cpp" />
    <ClCompile Include="os\Posix\EventImpl.cpp" />
    <ClCompile Include="os\Posix\MutexImpl.cpp" />
    <ClCompile Include="os\Posix\SemaphoreImpl.cpp" />
    <ClCompile Include="os\Posix\ThreadImpl.cpp" />
    <ClCompile Include="os\Posix\ThreadLocalValueImpl.cpp" />
    <ClCompile Include="os\Semaphore.cpp" />
    <ClCompile Include="os\Std\ThreadImpl.cpp" />
    <ClCompile Include="os\Thread.cpp" />
    <ClCompile Include="os\ThreadLocalValue.cpp" />
    <ClCompile Include="os\Win32\EventImpl.cpp" />
    <ClCompile Include="os\Win32\MarshalAlloc.cpp" />
    <ClCompile Include="os\Win32\MarshalStringAlloc.cpp" />
    <ClCompile Include="os\Win32\Memory.cpp" />
    <ClCompile Include="os\Win32\MemoryMappedFile.cpp" />
    <ClCompile Include="os\Win32\MutexImpl.cpp" />
    <ClCompile Include="os\Win32\NativeMethods.cpp" />
    <ClCompile Include="os\Win32\Path.cpp" />
    <ClCompile Include="os\Win32\Process.cpp" />
    <ClCompile Include="os\Win32\SemaphoreImpl.cpp" />
    <ClCompile Include="os\Win32\SocketImpl.cpp" />
    <ClCompile Include="os\Win32\StackTrace.cpp" />
    <ClCompile Include="os\Win32\SynchronizationContext.cpp" />
    <ClCompile Include="os\Win32\ThreadImpl.cpp" />
    <ClCompile Include="os\Win32\ThreadLocalValueImpl.cpp" />
    <ClCompile Include="os\Win32\Time.cpp" />
    <ClCompile Include="os\Win32\TimeZone.cpp" />
    <ClCompile Include="os\Win32\WindowsHelpers.cpp" />
    <ClCompile Include="..\external\zlib\adler32.c" />
    <ClCompile Include="..\external\zlib\compress.c" />
    <ClCompile Include="..\external\zlib\crc32.c" />
    <ClCompile Include="..\external\zlib\deflate.c" />
    <ClCompile Include="..\external\zlib\gzio.c" />
    <ClCompile Include="..\external\zlib\infback.c" />
    <ClCompile Include="..\external\zlib\inffast.c" />
    <ClCompile Include="..\external\zlib\inflate.c" />
    <ClCompile Include="..\external\zlib\inftrees.c" />
    <ClCompile Include="..\external\zlib\trees.c" />
    <ClCompile Include="..\external\zlib\uncompr.c" />
    <ClCompile Include="..\external\zlib\zutil.c" />
    <ClCompile Include="os\Win32\WindowsRuntime.cpp" />
    <ClCompile Include="os\WinRT\Cryptography.cpp" />
    <ClCompile Include="os\WinRT\Environment.cpp" />
    <ClCompile Include="os\WinRT\File.cpp" />
    <ClCompile Include="os\WinRT\Initialize.cpp" />
    <ClCompile Include="os\WinRT\Locale.cpp" />
    <ClCompile Include="os\WinRT\Process.cpp" />
    <ClCompile Include="os\WinRT\Win32ApiSharedEmulation.cpp" />
    <ClCompile Include="os\WinRT\Win32ApiWinRTEmulation.cpp" />
    <ClCompile Include="utils\DirectoryUtils.cpp" />
    <ClCompile Include="utils\Environment.cpp" />
    <ClCompile Include="utils\Exception.cpp" />
    <ClCompile Include="utils\Logging.cpp" />
    <ClCompile Include="utils\MarshalingUtils.cpp" />
    <ClCompile Include="utils\Memory.cpp" />
    <ClCompile Include="utils\MemoryMappedFile.cpp" />
    <ClCompile Include="utils\MemoryPool.cpp" />
    <ClCompile Include="utils\Output.cpp" />
    <ClCompile Include="utils\RegisterRuntimeInitializeAndCleanup.cpp" />
    <ClCompile Include="utils\Runtime.cpp" />
    <ClCompile Include="utils\StringUtils.cpp" />
    <ClCompile Include="utils\PathUtils.cpp" />
    <ClCompile Include="vm-utils\BlobReader.cpp" />
    <ClCompile Include="vm-utils\Debugger.cpp" />
    <ClCompile Include="vm-utils\NativeDelegateMethodCache.cpp" />
    <ClCompile Include="vm-utils\NativeSymbol.cpp" />
    <ClCompile Include="vm-utils\VmStringUtils.cpp" />
    <ClCompile Include="vm\Array.cpp" />
    <ClCompile Include="vm\Assembly.cpp" />
    <ClCompile Include="vm\AssemblyName.cpp" />
    <ClCompile Include="vm\Atomic.cpp" />
    <ClCompile Include="vm\CCW.cpp" />
    <ClCompile Include="vm\Class.cpp" />
    <ClCompile Include="vm\COM.cpp" />
    <ClCompile Include="vm\ComObjectBase.cpp" />
    <ClCompile Include="vm\Debug.cpp" />
    <ClCompile Include="vm\Domain.cpp" />
    <ClCompile Include="vm\Enum.cpp" />
    <ClCompile Include="vm\Event.cpp" />
    <ClCompile Include="vm\Exception.cpp" />
    <ClCompile Include="vm\Field.cpp" />
    <ClCompile Include="vm\GenericClass.cpp" />
    <ClCompile Include="vm\GenericContainer.cpp" />
    <ClCompile Include="vm\Image.cpp" />
    <ClCompile Include="vm\InternalCalls.cpp" />
    <ClCompile Include="vm\LastError.cpp" />
    <ClCompile Include="vm\LibraryLoader.cpp" />
    <ClCompile Include="vm\Liveness.cpp" />
    <ClCompile Include="vm\MarshalAlloc.cpp" />
    <ClCompile Include="vm\MemoryInformation.cpp" />
    <ClCompile Include="vm\MetadataAlloc.cpp" />
    <ClCompile Include="vm\MetadataCache.cpp" />
    <ClCompile Include="vm\MetadataLoader.cpp" />
    <ClCompile Include="vm\Method.cpp" />
    <ClCompile Include="vm\Module.cpp" />
    <ClCompile Include="vm\Monitor.cpp" />
    <ClCompile Include="vm\Object.cpp" />
    <ClCompile Include="vm\Parameter.cpp" />
    <ClCompile Include="vm\Path.cpp" />
    <ClCompile Include="vm\PlatformInvoke.cpp" />
    <ClCompile Include="vm\Profiler.cpp" />
    <ClCompile Include="vm\Property.cpp" />
    <ClCompile Include="vm\Random.cpp" />
    <ClCompile Include="vm\RCW.cpp" />
    <ClCompile Include="vm\Reflection.cpp" />
    <ClCompile Include="vm\Runtime.cpp" />
    <ClCompile Include="vm\ScopedThreadAttacher.cpp" />
    <ClCompile Include="vm\StackTrace.cpp" />
    <ClCompile Include="vm\String.cpp" />
    <ClCompile Include="vm\Thread.cpp" />
    <ClCompile Include="vm\ThreadPool.cpp" />
    <ClCompile Include="vm\ThreadPoolMs.cpp" />
    <ClCompile Include="vm\Type.cpp" />
    <ClCompile Include="vm\WaitHandle.cpp" />
    <ClCompile Include="vm\WeakReference.cpp" />
    <ClCompile Include="vm\WindowsRuntime.cpp" />
    <ClCompile Include="os\WinRT\BrokeredFileSystem.cpp" />
  </ItemGroup>
  <ItemGroup>
    <ClInclude Include="blob.h" />
    <ClInclude Include="char-conversions.h" />
    <ClInclude Include="codegen\il2cpp-codegen-common.h" />
    <ClInclude Include="codegen\il2cpp-codegen-il2cpp.h" />
    <ClInclude Include="codegen\il2cpp-codegen-mono.h" />
    <ClInclude Include="codegen\il2cpp-codegen.h" />
    <ClInclude Include="..\external\google\sparsehash\densehashtable.h" />
    <ClInclude Include="..\external\google\sparsehash\dense_hash_map.h" />
    <ClInclude Include="..\external\google\sparsehash\dense_hash_set.h" />
    <ClInclude Include="..\external\google\sparsehash\type_traits.h" />
    <ClInclude Include="..\external\xamarin-android\logger.h" />
    <ClInclude Include="..\external\xamarin-android\monodroid.h" />
    <ClInclude Include="..\external\xamarin-android\xamarin_getifaddrs.h" />
    <ClInclude Include="gc\Allocator.h" />
    <ClInclude Include="gc\AppendOnlyGCHashMap.h" />
    <ClInclude Include="gc\GarbageCollector.h" />
    <ClInclude Include="gc\GarbageCollectorImpl.h" />
    <ClInclude Include="gc\GCHandle.h" />
    <ClInclude Include="gc\gc_wrapper.h" />
    <ClInclude Include="gc\WriteBarrier.h" />
    <ClInclude Include="icallincludes.h" />
    <ClInclude Include="icalls\mscorlib\Mono.Globalization.Unicode\Normalization.h" />
    <ClInclude Include="icalls\mscorlib\Mono.Interop\ComInteropProxy.h" />
    <ClInclude Include="icalls\mscorlib\Mono.Security.Cryptography\KeyPairPersistence.h" />
    <ClInclude Include="icalls\mscorlib\Mono\Runtime.h" />
    <ClInclude Include="icalls\mscorlib\Mono\RuntimeClassHandle.h" />
    <ClInclude Include="icalls\mscorlib\Mono\RuntimeGPtrArrayHandle.h" />
    <ClInclude Include="icalls\mscorlib\Mono\RuntimeMarshal.h" />
    <ClInclude Include="icalls\mscorlib\Mono\SafeStringMarshal.h" />
    <ClInclude Include="icalls\mscorlib\System.Diagnostics\Assert.h" />
    <ClInclude Include="icalls\mscorlib\System.Diagnostics\Debugger.h" />
    <ClInclude Include="icalls\mscorlib\System.Diagnostics\StackFrame.h" />
    <ClInclude Include="icalls\mscorlib\System.Diagnostics\StackTrace.h" />
    <ClInclude Include="icalls\mscorlib\System.Globalization\CalendarData.h" />
    <ClInclude Include="icalls\mscorlib\System.Globalization\CompareInfo.h" />
    <ClInclude Include="icalls\mscorlib\System.Globalization\CompareOptions.h" />
    <ClInclude Include="icalls\mscorlib\System.Globalization\CultureData.h" />
    <ClInclude Include="icalls\mscorlib\System.Globalization\CultureInfo.h" />
    <ClInclude Include="icalls\mscorlib\System.Globalization\CultureInfoInternals.h" />
    <ClInclude Include="icalls\mscorlib\System.Globalization\CultureInfoTables.h" />
    <ClInclude Include="icalls\mscorlib\System.Globalization\RegionInfo.h" />
    <ClInclude Include="icalls\mscorlib\System.IO\DriveInfo.h" />
    <ClInclude Include="icalls\mscorlib\System.IO\MonoIO.h" />
    <ClInclude Include="icalls\mscorlib\System.IO\Path.h" />
    <ClInclude Include="icalls\mscorlib\System.Reflection.Emit\AssemblyBuilder.h" />
    <ClInclude Include="icalls\mscorlib\System.Reflection.Emit\CustomAttributeBuilder.h" />
    <ClInclude Include="icalls\mscorlib\System.Reflection.Emit\DerivedType.h" />
    <ClInclude Include="icalls\mscorlib\System.Reflection.Emit\DynamicMethod.h" />
    <ClInclude Include="icalls\mscorlib\System.Reflection.Emit\EnumBuilder.h" />
    <ClInclude Include="icalls\mscorlib\System.Reflection.Emit\GenericTypeParameterBuilder.h" />
    <ClInclude Include="icalls\mscorlib\System.Reflection.Emit\MethodBuilder.h" />
    <ClInclude Include="icalls\mscorlib\System.Reflection.Emit\ModuleBuilder.h" />
    <ClInclude Include="icalls\mscorlib\System.Reflection.Emit\SignatureHelper.h" />
    <ClInclude Include="icalls\mscorlib\System.Reflection.Emit\SymbolType.h" />
    <ClInclude Include="icalls\mscorlib\System.Reflection.Emit\TypeBuilder.h" />
    <ClInclude Include="icalls\mscorlib\System.Reflection\Assembly.h" />
    <ClInclude Include="icalls\mscorlib\System.Reflection\AssemblyName.h" />
    <ClInclude Include="icalls\mscorlib\System.Reflection\CustomAttributeData.h" />
    <ClInclude Include="icalls\mscorlib\System.Reflection\EventInfo.h" />
    <ClInclude Include="icalls\mscorlib\System.Reflection\FieldInfo.h" />
    <ClInclude Include="icalls\mscorlib\System.Reflection\MemberInfo.h" />
    <ClInclude Include="icalls\mscorlib\System.Reflection\MethodBase.h" />
    <ClInclude Include="icalls\mscorlib\System.Reflection\Module.h" />
    <ClInclude Include="icalls\mscorlib\System.Reflection\MonoCMethod.h" />
    <ClInclude Include="icalls\mscorlib\System.Reflection\MonoEventInfo.h" />
    <ClInclude Include="icalls\mscorlib\System.Reflection\MonoField.h" />
    <ClInclude Include="icalls\mscorlib\System.Reflection\MonoGenericClass.h" />
    <ClInclude Include="icalls\mscorlib\System.Reflection\MonoGenericCMethod.h" />
    <ClInclude Include="icalls\mscorlib\System.Reflection\MonoGenericMethod.h" />
    <ClInclude Include="icalls\mscorlib\System.Reflection\MonoMethod.h" />
    <ClInclude Include="icalls\mscorlib\System.Reflection\MonoMethodInfo.h" />
    <ClInclude Include="icalls\mscorlib\System.Reflection\MonoPropertyInfo.h" />
    <ClInclude Include="icalls\mscorlib\System.Reflection\ParameterInfo.h" />
    <ClInclude Include="icalls\mscorlib\System.Reflection\PropertyInfo.h" />
    <ClInclude Include="icalls\mscorlib\System.Reflection\RtFieldInfo.h" />
    <ClInclude Include="icalls\mscorlib\System.Runtime.CompilerServices\RuntimeHelpers.h" />
    <ClInclude Include="icalls\mscorlib\System.Runtime.InteropServices\GCHandle.h" />
    <ClInclude Include="icalls\mscorlib\System.Runtime.InteropServices\Marshal.h" />
    <ClInclude Include="icalls\mscorlib\System.Runtime.Remoting.Activation\ActivationServices.h" />
    <ClInclude Include="icalls\mscorlib\System.Runtime.Remoting.Contexts\Context.h" />
    <ClInclude Include="icalls\mscorlib\System.Runtime.Remoting.Messaging\AsyncResult.h" />
    <ClInclude Include="icalls\mscorlib\System.Runtime.Remoting.Messaging\MonoMethodMessage.h" />
    <ClInclude Include="icalls\mscorlib\System.Runtime.Remoting.Proxies\RealProxy.h" />
    <ClInclude Include="icalls\mscorlib\System.Runtime.Remoting\RemotingServices.h" />
    <ClInclude Include="icalls\mscorlib\System.Runtime.Versioning\VersioningHelper.h" />
    <ClInclude Include="icalls\mscorlib\System.Security.Cryptography\RNGCryptoServiceProvider.h" />
    <ClInclude Include="icalls\mscorlib\System.Security.Policy\Evidence.h" />
    <ClInclude Include="icalls\mscorlib\System.Security.Principal\WindowsIdentity.h" />
    <ClInclude Include="icalls\mscorlib\System.Security.Principal\WindowsImpersonationContext.h" />
    <ClInclude Include="icalls\mscorlib\System.Security.Principal\WindowsPrincipal.h" />
    <ClInclude Include="icalls\mscorlib\System.Security\SecurityFrame.h" />
    <ClInclude Include="icalls\mscorlib\System.Security\SecurityManager.h" />
    <ClInclude Include="icalls\mscorlib\System.Text\Encoding.h" />
    <ClInclude Include="icalls\mscorlib\System.Text\EncodingHelper.h" />
    <ClInclude Include="icalls\mscorlib\System.Text\Normalization.h" />
    <ClInclude Include="icalls\mscorlib\System.Threading\Interlocked.h" />
    <ClInclude Include="icalls\mscorlib\System.Threading\InternalThread.h" />
    <ClInclude Include="icalls\mscorlib\System.Threading\Monitor.h" />
    <ClInclude Include="icalls\mscorlib\System.Threading\Mutex.h" />
    <ClInclude Include="icalls\mscorlib\System.Threading\NativeEventCalls.h" />
    <ClInclude Include="icalls\mscorlib\System.Threading\OSSpecificSynchronizationContext.h" />
    <ClInclude Include="icalls\mscorlib\System.Threading\Thread.h" />
    <ClInclude Include="icalls\mscorlib\System.Threading\ThreadPool.h" />
    <ClInclude Include="icalls\mscorlib\System.Threading\Timer.h" />
    <ClInclude Include="icalls\mscorlib\System.Threading\WaitHandle.h" />
    <ClInclude Include="icalls\mscorlib\System\Activator.h" />
    <ClInclude Include="icalls\mscorlib\System\AppDomain.h" />
    <ClInclude Include="icalls\mscorlib\System\ArgIterator.h" />
    <ClInclude Include="icalls\mscorlib\System\Array.h" />
    <ClInclude Include="icalls\mscorlib\System\Buffer.h" />
    <ClInclude Include="icalls\mscorlib\System\Char.h" />
    <ClInclude Include="icalls\mscorlib\System\CLRConfig.h" />
    <ClInclude Include="icalls\mscorlib\System\ConsoleDriver.h" />
    <ClInclude Include="icalls\mscorlib\System\Convert.h" />
    <ClInclude Include="icalls\mscorlib\System\CurrentSystemTimeZone.h" />
    <ClInclude Include="icalls\mscorlib\System\DateTime.h" />
    <ClInclude Include="icalls\mscorlib\System\Decimal.h" />
    <ClInclude Include="icalls\mscorlib\System\Delegate.h" />
    <ClInclude Include="icalls\mscorlib\System\Double.h" />
    <ClInclude Include="icalls\mscorlib\System\Enum.h" />
    <ClInclude Include="icalls\mscorlib\System\Environment.h" />
    <ClInclude Include="icalls\mscorlib\System\Exception.h" />
    <ClInclude Include="icalls\mscorlib\System\GC.h" />
    <ClInclude Include="icalls\mscorlib\System\Math.h" />
    <ClInclude Include="icalls\mscorlib\System\MissingMemberException.h" />
    <ClInclude Include="icalls\mscorlib\System\MonoCustomAttrs.h" />
    <ClInclude Include="icalls\mscorlib\System\MonoEnumInfo.h" />
    <ClInclude Include="icalls\mscorlib\System\MonoType.h" />
    <ClInclude Include="icalls\mscorlib\System\Number.h" />
    <ClInclude Include="icalls\mscorlib\System\NumberFormatter.h" />
    <ClInclude Include="icalls\mscorlib\System\Object.h" />
    <ClInclude Include="icalls\mscorlib\System\RuntimeFieldHandle.h" />
    <ClInclude Include="icalls\mscorlib\System\RuntimeMethodHandle.h" />
    <ClInclude Include="icalls\mscorlib\System\RuntimeType.h" />
    <ClInclude Include="icalls\mscorlib\System\RuntimeTypeHandle.h" />
    <ClInclude Include="icalls\mscorlib\System\String.h" />
    <ClInclude Include="icalls\mscorlib\System\TimeSpan.h" />
    <ClInclude Include="icalls\mscorlib\System\TimeZoneInfo.h" />
    <ClInclude Include="icalls\mscorlib\System\Type.h" />
    <ClInclude Include="icalls\mscorlib\System\TypedReference.h" />
    <ClInclude Include="icalls\mscorlib\System\ValueType.h" />
    <ClInclude Include="icalls\mscorlib\System\__ComObject.h" />
    <ClInclude Include="icalls\System.Configuration\System.Configuration\InternalConfigurationHost.h" />
    <ClInclude Include="icalls\System.Core\System.IO.MemoryMappedFiles\MemoryMapImpl.h" />
    <ClInclude Include="icalls\System\Microsoft.Win32\NativeMethods.h" />
    <ClInclude Include="icalls\System\System.ComponentModel\Win32Exception.h" />
    <ClInclude Include="icalls\System\System.Configuration\DefaultConfig.h" />
    <ClInclude Include="icalls\System\System.Configuration\InternalConfigurationHost.h" />
    <ClInclude Include="icalls\System\System.Diagnostics\DefaultTraceListener.h" />
    <ClInclude Include="icalls\System\System.Diagnostics\FileVersionInfo.h" />
    <ClInclude Include="icalls\System\System.Diagnostics\perfcounters-def.h" />
    <ClInclude Include="icalls\System\System.Diagnostics\PerformanceCounter.h" />
    <ClInclude Include="icalls\System\System.Diagnostics\PerformanceCounterCategory.h" />
    <ClInclude Include="icalls\System\System.Diagnostics\PerformanceCounterUtils.h" />
    <ClInclude Include="icalls\System\System.Diagnostics\Process.h" />
    <ClInclude Include="icalls\System\System.Diagnostics\Stopwatch.h" />
    <ClInclude Include="icalls\System\System.IO\FAMWatcher.h" />
    <ClInclude Include="icalls\System\System.IO\FileSystemWatcher.h" />
    <ClInclude Include="icalls\System\System.IO\InotifyWatcher.h" />
    <ClInclude Include="icalls\System\System.IO\KqueueMonitor.h" />
    <ClInclude Include="icalls\System\System.Net.NetworkInformation\LinuxNetworkInterface.h" />
    <ClInclude Include="icalls\System\System.Net.NetworkInformation\MacOsIPInterfaceProperties.h" />
    <ClInclude Include="icalls\System\System.Net.Sockets\Socket.h" />
    <ClInclude Include="icalls\System\System.Net.Sockets\SocketException.h" />
    <ClInclude Include="icalls\System\System.Net\Dns.h" />
    <ClInclude Include="icalls\System\System.Threading\Semaphore.h" />
    <ClInclude Include="icalls\System\System\IOSelector.h" />
    <ClInclude Include="il2cpp-api-functions.h" />
    <ClInclude Include="il2cpp-api-types.h" />
    <ClInclude Include="il2cpp-api.h" />
    <ClInclude Include="il2cpp-config-api.h" />
    <ClInclude Include="il2cpp-config.h" />
    <ClInclude Include="il2cpp-class-internals.h" />
    <ClInclude Include="il2cpp-metadata.h" />
    <ClInclude Include="il2cpp-object-internals.h" />
    <ClInclude Include="il2cpp-string-types.h" />
    <ClInclude Include="il2cpp-tabledefs.h" />
    <ClInclude Include="il2cpp-vm-support.h" />
    <ClInclude Include="metadata.h" />
    <ClInclude Include="metadata\ArrayMetadata.h" />
    <ClInclude Include="metadata\FieldLayout.h" />
    <ClInclude Include="metadata\GenericMetadata.h" />
    <ClInclude Include="metadata\GenericMethod.h" />
    <ClInclude Include="metadata\GenericSharing.h" />
    <ClInclude Include="metadata\Il2CppGenericClassCompare.h" />
    <ClInclude Include="metadata\Il2CppGenericClassHash.h" />
    <ClInclude Include="metadata\Il2CppGenericContextCompare.h" />
    <ClInclude Include="metadata\Il2CppGenericContextHash.h" />
    <ClInclude Include="metadata\Il2CppGenericInstCompare.h" />
    <ClInclude Include="metadata\Il2CppGenericInstHash.h" />
    <ClInclude Include="metadata\Il2CppGenericMethodCompare.h" />
    <ClInclude Include="metadata\Il2CppGenericMethodHash.h" />
    <ClInclude Include="metadata\Il2CppSignatureCompare.h" />
    <ClInclude Include="metadata\Il2CppSignatureHash.h" />
    <ClInclude Include="metadata\Il2CppTypeCompare.h" />
    <ClInclude Include="metadata\Il2CppTypeHash.h" />
    <ClInclude Include="metadata\Il2CppTypeVector.h" />
    <ClInclude Include="mono-structs.h" />
    <ClInclude Include="mono-runtime\il2cpp-callbacks.h" />
    <ClInclude Include="mono-runtime\il2cpp-mapping.h" />
    <ClInclude Include="mono-runtime\il2cpp-mono-support.h" />
    <ClInclude Include="mono\ThreadPool\ThreadPoolDataStructures.h" />
    <ClInclude Include="mono\ThreadPool\threadpool-ms-io-poll.h" />
    <ClInclude Include="mono\ThreadPool\threadpool-ms-io.h" />
    <ClInclude Include="mono\ThreadPool\threadpool-ms.h" />
    <ClInclude Include="mono\ThreadPool\ThreadPoolMacros.h" />
    <ClInclude Include="mono\ThreadPool\ThreadPoolMonitorThread.h" />
    <ClInclude Include="mono\ThreadPool\ThreadPoolWorkerThread.h" />
    <ClInclude Include="normalization-tables.h" />
    <ClInclude Include="number-formatter.h" />
    <ClInclude Include="os\Atomic.h" />
    <ClInclude Include="os\c-api\Atomic-c-api.h" />
    <ClInclude Include="os\c-api\COM-c-api.h" />
    <ClInclude Include="os\c-api\ConditionVariable-c-api.h" />
    <ClInclude Include="os\c-api\Console-c-api.h" />
    <ClInclude Include="os\c-api\CpuInfo-c-api.h" />
    <ClInclude Include="os\c-api\Cryptography-c-api.h" />
    <ClInclude Include="os\c-api\Debug-c-api.h" />
    <ClInclude Include="os\c-api\Directory-c-api.h" />
    <ClInclude Include="os\c-api\Environment-c-api.h" />
    <ClInclude Include="os\c-api\Error-c-api.h" />
    <ClInclude Include="os\c-api\Event-c-api.h" />
    <ClInclude Include="os\c-api\File-c-api.h" />
    <ClInclude Include="os\c-api\Handle-c-api.h" />
    <ClInclude Include="os\c-api\il2cpp-config-platforms.h" />
    <ClInclude Include="os\c-api\LibraryLoader-c-api.h" />
    <ClInclude Include="os\c-api\Locale-c-api.h" />
    <ClInclude Include="os\c-api\Memory-c-api.h" />
    <ClInclude Include="os\c-api\MemoryMappedFile-c-api.h" />
    <ClInclude Include="os\c-api\Allocator.h" />
    <ClInclude Include="os\c-api\Messages-c-api.h" />
    <ClInclude Include="os\c-api\Mutex-c-api.h" />
    <ClInclude Include="os\c-api\NativeMethods-c-api.h" />
    <ClInclude Include="os\c-api\Path-c-api.h" />
    <ClInclude Include="os\c-api\Posix\AtomicImpl-c-api.h" />
    <ClInclude Include="os\c-api\Process-c-api.h" />
    <ClInclude Include="os\c-api\Semaphore-c-api.h" />
    <ClInclude Include="os\c-api\Socket-c-api.h" />
    <ClInclude Include="os\c-api\Thread-c-api.h" />
    <ClInclude Include="os\c-api\ThreadLocalValue-c-api.h" />
    <ClInclude Include="os\c-api\Time-c-api.h" />
    <ClInclude Include="os\c-api\TimeZone-c-api.h" />
    <ClInclude Include="os\c-api\TimeZoneInfo-c-api.h" />
    <ClInclude Include="os\c-api\WaitStatus-c-api.h" />
    <ClInclude Include="os\c-api\Win32\AtomicImpl-c-api.h" />
    <ClInclude Include="os\c-api\Win32\WindowsHeaders.h" />
    <ClInclude Include="os\ConditionVariable.h" />
    <ClInclude Include="os\Console.h" />
    <ClInclude Include="os\CpuInfo.h" />
    <ClInclude Include="os\Cryptography.h" />
    <ClInclude Include="os\Debug.h" />
    <ClInclude Include="os\Directory.h" />
    <ClInclude Include="os\Encoding.h" />
    <ClInclude Include="os\Environment.h" />
    <ClInclude Include="os\Error.h" />
    <ClInclude Include="os\ErrorCodes.h" />
    <ClInclude Include="os\Event.h" />
    <ClInclude Include="os\File.h" />
    <ClInclude Include="os\Generic\COM.cpp" />
    <ClInclude Include="os\Generic\SocketImpl.h" />
    <ClInclude Include="os\Handle.h" />
    <ClInclude Include="os\Image.h" />
    <ClInclude Include="os\Initialize.h" />
    <ClInclude Include="os\LastError.h" />
    <ClInclude Include="os\LibraryLoader.h" />
    <ClInclude Include="os\Locale.h" />
    <ClInclude Include="os\MarshalAlloc.h" />
    <ClInclude Include="os\MarshalStringAlloc.h" />
    <ClInclude Include="os\MemoryMappedFile.h" />
    <ClInclude Include="os\Messages.h" />
    <ClInclude Include="os\Mutex.h" />
    <ClInclude Include="os\NativeMethods.h" />
    <ClInclude Include="os\Path.h" />
    <ClInclude Include="os\Posix\ConditionVariableImpl.h" />
    <ClInclude Include="os\Posix\EventImpl.h" />
    <ClInclude Include="os\Posix\MutexImpl.h" />
    <ClInclude Include="os\Posix\PosixHelpers.h" />
    <ClInclude Include="os\Posix\PosixWaitObject.h" />
    <ClInclude Include="os\Posix\SemaphoreImpl.h" />
    <ClInclude Include="os\Posix\SocketImpl.h" />
    <ClInclude Include="os\Posix\ThreadImpl.h" />
    <ClInclude Include="os\Posix\ThreadLocalValueImpl.h" />
    <ClInclude Include="os\Posix\FileHandle.h" />
    <ClInclude Include="os\Process.h" />
    <ClInclude Include="os\COM.h" />
    <ClInclude Include="os\Semaphore.h" />
    <ClInclude Include="os\Socket.h" />
    <ClInclude Include="os\SocketBridge.h" />
    <ClInclude Include="os\StackTrace.h" />
    <ClInclude Include="os\Std\ThreadImpl.h" />
    <ClInclude Include="os\SynchronizationContext.h" />
    <ClInclude Include="os\Thread.h" />
    <ClInclude Include="os\ThreadLocalValue.h" />
    <ClInclude Include="os\Time.h" />
    <ClInclude Include="os\TimeZone.h" />
    <ClInclude Include="os\TimeZoneInfo.h" />
    <ClInclude Include="os\Unity\AtomicNode.h" />
    <ClInclude Include="os\Unity\AtomicQueue.h" />
    <ClInclude Include="os\Unity\ExtendedAtomicOps-arm.h" />
    <ClInclude Include="os\Unity\ExtendedAtomicOps-arm64-windows.h" />
    <ClInclude Include="os\Unity\ExtendedAtomicOps-arm64.h" />
    <ClInclude Include="os\Unity\ExtendedAtomicOps-clang-gcc.h" />
    <ClInclude Include="os\Unity\ExtendedAtomicOps-x86-64.h" />
    <ClInclude Include="os\Unity\ExtendedAtomicOps-x86.h" />
    <ClInclude Include="os\Unity\ExtendedAtomicOps.h" />
    <ClInclude Include="os\Unity\ExtendedAtomicTypes.h" />
    <ClInclude Include="os\Unity\UnityPlatformConfigure.h" />
    <ClInclude Include="os\WaitStatus.h" />
    <ClInclude Include="os\Win32\AtomicImpl.h" />
    <ClInclude Include="os\Win32\ConditionVariableImpl.h" />
    <ClInclude Include="os\Win32\EventImpl.h" />
    <ClInclude Include="os\Win32\MutexImpl.h" />
    <ClInclude Include="os\Win32\SemaphoreImpl.h" />
    <ClInclude Include="os\Win32\SocketImpl.h" />
    <ClInclude Include="os\Win32\ThreadImpl.h" />
    <ClInclude Include="os\Win32\ThreadLocalValueImpl.h" />
    <ClInclude Include="os\Win32\WindowsHeaders.h" />
    <ClInclude Include="os\Win32\WindowsHelpers.h" />
    <ClInclude Include="..\external\zlib\crc32.h" />
    <ClInclude Include="..\external\zlib\deflate.h" />
    <ClInclude Include="..\external\zlib\inffast.h" />
    <ClInclude Include="..\external\zlib\inffixed.h" />
    <ClInclude Include="..\external\zlib\inflate.h" />
    <ClInclude Include="..\external\zlib\inftrees.h" />
    <ClInclude Include="..\external\zlib\trees.h" />
    <ClInclude Include="..\external\zlib\zconf.h" />
    <ClInclude Include="..\external\zlib\zlib.h" />
    <ClInclude Include="..\external\zlib\zutil.h" />
    <ClInclude Include="os\WindowsRuntime.h" />
    <ClInclude Include="os\WinRT\SynchronousOperation.h" />
    <ClInclude Include="os\WinRT\Win32ApiSharedEmulation.h" />
    <ClInclude Include="os\WinRT\Win32ApiWinRTEmulation.h" />
    <ClInclude Include="tabledefs.h" />
    <ClInclude Include="utils\CallOnce.h" />
    <ClInclude Include="utils\Collections.h" />
    <ClInclude Include="utils\DirectoryUtils.h" />
    <ClInclude Include="utils\dynamic_array.h" />
    <ClInclude Include="utils\Environment.h" />
    <ClInclude Include="utils\Exception.h" />
    <ClInclude Include="utils\Il2CppHashMap.h" />
    <ClInclude Include="utils\Il2CppHashSet.h" />
    <ClInclude Include="utils\Functional.h" />
    <ClInclude Include="utils\HashUtils.h" />
    <ClInclude Include="utils\Il2CppHStringReference.h" />
    <ClInclude Include="utils\KeyWrapper.h" />
    <ClInclude Include="utils\Logging.h" />
    <ClInclude Include="utils\MarshalingUtils.h" />
    <ClInclude Include="utils\MathUtils.h" />
    <ClInclude Include="utils\Memory.h" />
    <ClInclude Include="utils\MemoryMappedFile.h" />
    <ClInclude Include="utils\MemoryPool.h" />
    <ClInclude Include="utils\NativeSymbol.h" />
    <ClInclude Include="utils\NonCopyable.h" />
    <ClInclude Include="utils\Output.h" />
    <ClInclude Include="utils\RegisterRuntimeInitializeAndCleanup.h" />
    <ClInclude Include="utils\Runtime.h" />
    <ClInclude Include="utils\StringUtils.h" />
    <ClInclude Include="utils\PathUtils.h" />
    <ClInclude Include="utils\StringView.h" />
    <ClInclude Include="utils\ThreadSafeFreeList.h" />
    <ClInclude Include="utils\MemoryRead.h" />
    <ClInclude Include="utils\utf8-cpp\source\utf8\core.h" />
    <ClInclude Include="utils\utf8-cpp\source\utf8\unchecked.h" />
    <ClInclude Include="vm-utils\BlobReader.h" />
    <ClInclude Include="vm-utils\Debugger.h" />
    <ClInclude Include="vm-utils\NativeDelegateMethodCache.h" />
    <ClInclude Include="vm-utils\NativeSymbol.h" />
    <ClInclude Include="vm-utils\VmStringUtils.h" />
    <ClInclude Include="vm\Array.h" />
    <ClInclude Include="vm\Assembly.h" />
    <ClInclude Include="vm\AssemblyName.h" />
    <ClInclude Include="vm\Atomic.h" />
    <ClInclude Include="vm\CachedCCWBase.h" />
    <ClInclude Include="vm\CCW.h" />
    <ClInclude Include="vm\Class.h" />
    <ClInclude Include="vm\COM.h" />
    <ClInclude Include="vm\ComObjectBase.h" />
    <ClInclude Include="vm\ComUtils.h" />
    <ClInclude Include="vm\Debug.h" />
    <ClInclude Include="vm\Domain.h" />
    <ClInclude Include="vm\Enum.h" />
    <ClInclude Include="vm\Event.h" />
    <ClInclude Include="vm\Exception.h" />
    <ClInclude Include="vm\Field.h" />
    <ClInclude Include="vm\GC.h" />
    <ClInclude Include="vm\GenericClass.h" />
    <ClInclude Include="vm\GenericContainer.h" />
    <ClInclude Include="vm\Image.h" />
    <ClInclude Include="vm\InternalCalls.h" />
    <ClInclude Include="vm\LastError.h" />
    <ClInclude Include="vm\LibraryLoader.h" />
    <ClInclude Include="vm\Liveness.h" />
    <ClInclude Include="vm\MarshalAlloc.h" />
    <ClInclude Include="vm\MemoryInformation.h" />
    <ClInclude Include="vm\MetadataAlloc.h" />
    <ClInclude Include="vm\MetadataCache.h" />
    <ClInclude Include="vm\MetadataLoader.h" />
    <ClInclude Include="vm\MetadataLock.h" />
    <ClInclude Include="vm\Method.h" />
    <ClInclude Include="vm\Module.h" />
    <ClInclude Include="vm\Monitor.h" />
    <ClInclude Include="vm\NonCachedCCWBase.h" />
    <ClInclude Include="vm\Object.h" />
    <ClInclude Include="vm\Parameter.h" />
    <ClInclude Include="vm\Path.h" />
    <ClInclude Include="vm\PlatformInvoke.h" />
    <ClInclude Include="vm\Profiler.h" />
    <ClInclude Include="vm\Property.h" />
    <ClInclude Include="vm\Random.h" />
    <ClInclude Include="vm\RCW.h" />
    <ClInclude Include="vm\Reflection.h" />
    <ClInclude Include="vm\Runtime.h" />
    <ClInclude Include="vm\ScopedThreadAttacher.h" />
    <ClInclude Include="vm\StackTrace.h" />
    <ClInclude Include="vm\String.h" />
    <ClInclude Include="vm\Thread.h" />
    <ClInclude Include="vm\ThreadPool.h" />
    <ClInclude Include="vm\ThreadPoolMs.h" />
    <ClInclude Include="vm\Type.h" />
    <ClInclude Include="vm\WaitHandle.h" />
    <ClInclude Include="vm\WeakReference.h" />
    <ClInclude Include="vm\WindowsRuntime.h" />
    <ClInclude Include="os\c-api\COM.cpp" />
    <ClInclude Include="os\c-api\ConditionVariable.cpp" />
    <ClInclude Include="os\c-api\Console.cpp" />
    <ClInclude Include="os\c-api\CpuInfo.cpp" />
    <ClInclude Include="os\c-api\Cryptography.cpp" />
    <ClInclude Include="os\c-api\Debug.cpp" />
    <ClInclude Include="os\c-api\Directory.cpp" />
    <ClInclude Include="os\WinRT\BrokeredFileSystem.h" />
  </ItemGroup>
  <ItemGroup>
    <None Include="libil2cpp.def" />
    <None Include="vm\InternalCalls.inc" />
  </ItemGroup>
</Project>